[mods]
"mr:red-core" = "*"
"mr:cameraoverhaul-vintage" = "*"
"mr:buddingpolar" = "*"
"mr:renderlib" = "*"
"mr:modtweaker" = "*"
"mr:alfheim-lighting-engine" = "*"
"mr:neverenoughanimation" = "*"
"mr:xaeros-minimap" = "*"
"mr:groovyscript" = "*"
"mr:crazyae" = "*"
"mr:lemonskin" = "*"
"mr:makepanorama" = "*"
"mr:vintagedisplay" = "*"
"mr:fancymenu" = "*"
"mr:xaeroplus" = "*"
"mr:ae2uel-extra" = "*"
"mr:fugue" = "*"
"mr:konkrete" = "*"
"mr:improved-cleanroom-relauncher" = "*"
"mr:item-highlighter" = "*"
"mr:had-enough-items" = "*"
"mr:nothirium" = "*"
"mr:mtlib" = "*"
"mr:vintagefix" = "*"
"mr:carbon-config" = "*"
"mr:xaerolib" = "*"
"mr:universal-tweaks" = "*"
"mr:xaeros-world-map" = "*"
"mr:mixinbooter" = "*"
"mr:configanytime" = "*"
"mr:flare" = "*"
"mr:naughthirium" = "*"
"mr:theonesmeagle" = "*"
"mr:mixinboter" = "*"
